
Microsoft Visual Studio Solution File, Format Version 12.00
# Visual Studio Version 16
VisualStudioVersion = 16.0.33027.164
MinimumVisualStudioVersion = 10.0.40219.1
Project("{FAE04EC0-301F-11D3-BF4B-00C04F79EFBC}") = "carRepairShop", "carRepairShop\carRepairShop.csproj", "{95BC26DA-9897-483F-8C6B-B3F48705FD80}"
EndProject
Global
	GlobalSection(SolutionConfigurationPlatforms) = preSolution
		Debug|Any CPU = Debug|Any CPU
		Release|Any CPU = Release|Any CPU
	EndGlobalSection
	GlobalSection(ProjectConfigurationPlatforms) = postSolution
		{95BC26DA-9897-483F-8C6B-B3F48705FD80}.Debug|Any CPU.ActiveCfg = Debug|Any CPU
		{95BC26DA-9897-483F-8C6B-B3F48705FD80}.Debug|Any CPU.Build.0 = Debug|Any CPU
		{95BC26DA-9897-483F-8C6B-B3F48705FD80}.Release|Any CPU.ActiveCfg = Release|Any CPU
		{95BC26DA-9897-483F-8C6B-B3F48705FD80}.Release|Any CPU.Build.0 = Release|Any CPU
	EndGlobalSection
	GlobalSection(SolutionProperties) = preSolution
		HideSolutionNode = FALSE
	EndGlobalSection
	GlobalSection(ExtensibilityGlobals) = postSolution
		SolutionGuid = {28695217-8F07-4E17-9EC8-D52D92713D9B}
	EndGlobalSection
EndGlobal
